
Microsoft Visual Studio Solution File, Format Version 12.00
# Visual Studio Version 16
VisualStudioVersion = 16.0.29503.13
MinimumVisualStudioVersion = 10.0.40219.1
Project("{FAE04EC0-301F-11D3-BF4B-00C04F79EFBC}") = "Defacto-E-Ticaret", "Defacto-E-Ticaret\Defacto-E-Ticaret.csproj", "{B4E8FC23-571D-49F6-B207-9A22AA467D73}"
EndProject
Global
	GlobalSection(SolutionConfigurationPlatforms) = preSolution
		Debug|Any CPU = Debug|Any CPU
		Release|Any CPU = Release|Any CPU
	EndGlobalSection
	GlobalSection(ProjectConfigurationPlatforms) = postSolution
		{B4E8FC23-571D-49F6-B207-9A22AA467D73}.Debug|Any CPU.ActiveCfg = Debug|Any CPU
		{B4E8FC23-571D-49F6-B207-9A22AA467D73}.Debug|Any CPU.Build.0 = Debug|Any CPU
		{B4E8FC23-571D-49F6-B207-9A22AA467D73}.Release|Any CPU.ActiveCfg = Release|Any CPU
		{B4E8FC23-571D-49F6-B207-9A22AA467D73}.Release|Any CPU.Build.0 = Release|Any CPU
	EndGlobalSection
	GlobalSection(SolutionProperties) = preSolution
		HideSolutionNode = FALSE
	EndGlobalSection
	GlobalSection(ExtensibilityGlobals) = postSolution
		SolutionGuid = {71284F33-714A-4B7F-9514-A4BBF1F03C36}
	EndGlobalSection
EndGlobal
